
Microsoft Visual Studio Solution File, Format Version 12.00
# Visual Studio Version 17
VisualStudioVersion = 17.0.31903.59
MinimumVisualStudioVersion = 10.0.40219.1
Project("{2150E333-8FDC-42A3-9474-1A3956D46DE8}") = "week01", "week01", "{D4176A17-D7E5-9C19-FD5F-8803B1692ECF}"
EndProject
Project("{FAE04EC0-301F-11D3-BF4B-00C04F79EFBC}") = "Exercise1", "week01\Exercise1\Exercise1.csproj", "{2F718FB2-6483-4307-B6D6-9C599BA8F5ED}"
EndProject
Project("{FAE04EC0-301F-11D3-BF4B-00C04F79EFBC}") = "Exercise2", "week01\Exercise2\Exercise2.csproj", "{87DA0EA0-FB37-4CE6-900F-16F3FE843DCB}"
EndProject
Project("{FAE04EC0-301F-11D3-BF4B-00C04F79EFBC}") = "Exercise3", "week01\Exercise3\Exercise3.csproj", "{AEE92D91-1081-4984-B1A5-C0D842F3102C}"
EndProject
Project("{FAE04EC0-301F-11D3-BF4B-00C04F79EFBC}") = "Exercise4", "week01\Exercise4\Exercise4.csproj", "{75FB0B9E-C6EE-42DD-9922-966AC1ABC540}"
EndProject
Project("{FAE04EC0-301F-11D3-BF4B-00C04F79EFBC}") = "Exercise5", "week01\Exercise5\Exercise5.csproj", "{4EBD72D6-CD82-4E2E-988B-1DD923C6D9F2}"
EndProject
Project("{2150E333-8FDC-42A3-9474-1A3956D46DE8}") = "week02", "week02", "{131C5CCE-C85E-81CF-EB9F-372398CDB723}"
EndProject
Project("{FAE04EC0-301F-11D3-BF4B-00C04F79EFBC}") = "Exercise1", "week02\Exercise1\Exercise1.csproj", "{14F19CA5-8F7A-4F96-BC69-54A5B6E930E9}"
EndProject
Global
	GlobalSection(SolutionConfigurationPlatforms) = preSolution
		Debug|Any CPU = Debug|Any CPU
		Debug|x64 = Debug|x64
		Debug|x86 = Debug|x86
		Release|Any CPU = Release|Any CPU
		Release|x64 = Release|x64
		Release|x86 = Release|x86
	EndGlobalSection
	GlobalSection(ProjectConfigurationPlatforms) = postSolution
		{2F718FB2-6483-4307-B6D6-9C599BA8F5ED}.Debug|Any CPU.ActiveCfg = Debug|Any CPU
		{2F718FB2-6483-4307-B6D6-9C599BA8F5ED}.Debug|Any CPU.Build.0 = Debug|Any CPU
		{2F718FB2-6483-4307-B6D6-9C599BA8F5ED}.Debug|x64.ActiveCfg = Debug|Any CPU
		{2F718FB2-6483-4307-B6D6-9C599BA8F5ED}.Debug|x64.Build.0 = Debug|Any CPU
		{2F718FB2-6483-4307-B6D6-9C599BA8F5ED}.Debug|x86.ActiveCfg = Debug|Any CPU
		{2F718FB2-6483-4307-B6D6-9C599BA8F5ED}.Debug|x86.Build.0 = Debug|Any CPU
		{2F718FB2-6483-4307-B6D6-9C599BA8F5ED}.Release|Any CPU.ActiveCfg = Release|Any CPU
		{2F718FB2-6483-4307-B6D6-9C599BA8F5ED}.Release|Any CPU.Build.0 = Release|Any CPU
		{2F718FB2-6483-4307-B6D6-9C599BA8F5ED}.Release|x64.ActiveCfg = Release|Any CPU
		{2F718FB2-6483-4307-B6D6-9C599BA8F5ED}.Release|x64.Build.0 = Release|Any CPU
		{2F718FB2-6483-4307-B6D6-9C599BA8F5ED}.Release|x86.ActiveCfg = Release|Any CPU
		{2F718FB2-6483-4307-B6D6-9C599BA8F5ED}.Release|x86.Build.0 = Release|Any CPU
		{87DA0EA0-FB37-4CE6-900F-16F3FE843DCB}.Debug|Any CPU.ActiveCfg = Debug|Any CPU
		{87DA0EA0-FB37-4CE6-900F-16F3FE843DCB}.Debug|Any CPU.Build.0 = Debug|Any CPU
		{87DA0EA0-FB37-4CE6-900F-16F3FE843DCB}.Debug|x64.ActiveCfg = Debug|Any CPU
		{87DA0EA0-FB37-4CE6-900F-16F3FE843DCB}.Debug|x64.Build.0 = Debug|Any CPU
		{87DA0EA0-FB37-4CE6-900F-16F3FE843DCB}.Debug|x86.ActiveCfg = Debug|Any CPU
		{87DA0EA0-FB37-4CE6-900F-16F3FE843DCB}.Debug|x86.Build.0 = Debug|Any CPU
		{87DA0EA0-FB37-4CE6-900F-16F3FE843DCB}.Release|Any CPU.ActiveCfg = Release|Any CPU
		{87DA0EA0-FB37-4CE6-900F-16F3FE843DCB}.Release|Any CPU.Build.0 = Release|Any CPU
		{87DA0EA0-FB37-4CE6-900F-16F3FE843DCB}.Release|x64.ActiveCfg = Release|Any CPU
		{87DA0EA0-FB37-4CE6-900F-16F3FE843DCB}.Release|x64.Build.0 = Release|Any CPU
		{87DA0EA0-FB37-4CE6-900F-16F3FE843DCB}.Release|x86.ActiveCfg = Release|Any CPU
		{87DA0EA0-FB37-4CE6-900F-16F3FE843DCB}.Release|x86.Build.0 = Release|Any CPU
		{AEE92D91-1081-4984-B1A5-C0D842F3102C}.Debug|Any CPU.ActiveCfg = Debug|Any CPU
		{AEE92D91-1081-4984-B1A5-C0D842F3102C}.Debug|Any CPU.Build.0 = Debug|Any CPU
		{AEE92D91-1081-4984-B1A5-C0D842F3102C}.Debug|x64.ActiveCfg = Debug|Any CPU
		{AEE92D91-1081-4984-B1A5-C0D842F3102C}.Debug|x64.Build.0 = Debug|Any CPU
		{AEE92D91-1081-4984-B1A5-C0D842F3102C}.Debug|x86.ActiveCfg = Debug|Any CPU
		{AEE92D91-1081-4984-B1A5-C0D842F3102C}.Debug|x86.Build.0 = Debug|Any CPU
		{AEE92D91-1081-4984-B1A5-C0D842F3102C}.Release|Any CPU.ActiveCfg = Release|Any CPU
		{AEE92D91-1081-4984-B1A5-C0D842F3102C}.Release|Any CPU.Build.0 = Release|Any CPU
		{AEE92D91-1081-4984-B1A5-C0D842F3102C}.Release|x64.ActiveCfg = Release|Any CPU
		{AEE92D91-1081-4984-B1A5-C0D842F3102C}.Release|x64.Build.0 = Release|Any CPU
		{AEE92D91-1081-4984-B1A5-C0D842F3102C}.Release|x86.ActiveCfg = Release|Any CPU
		{AEE92D91-1081-4984-B1A5-C0D842F3102C}.Release|x86.Build.0 = Release|Any CPU
		{75FB0B9E-C6EE-42DD-9922-966AC1ABC540}.Debug|Any CPU.ActiveCfg = Debug|Any CPU
		{75FB0B9E-C6EE-42DD-9922-966AC1ABC540}.Debug|Any CPU.Build.0 = Debug|Any CPU
		{75FB0B9E-C6EE-42DD-9922-966AC1ABC540}.Debug|x64.ActiveCfg = Debug|Any CPU
		{75FB0B9E-C6EE-42DD-9922-966AC1ABC540}.Debug|x64.Build.0 = Debug|Any CPU
		{75FB0B9E-C6EE-42DD-9922-966AC1ABC540}.Debug|x86.ActiveCfg = Debug|Any CPU
		{75FB0B9E-C6EE-42DD-9922-966AC1ABC540}.Debug|x86.Build.0 = Debug|Any CPU
		{75FB0B9E-C6EE-42DD-9922-966AC1ABC540}.Release|Any CPU.ActiveCfg = Release|Any CPU
		{75FB0B9E-C6EE-42DD-9922-966AC1ABC540}.Release|Any CPU.Build.0 = Release|Any CPU
		{75FB0B9E-C6EE-42DD-9922-966AC1ABC540}.Release|x64.ActiveCfg = Release|Any CPU
		{75FB0B9E-C6EE-42DD-9922-966AC1ABC540}.Release|x64.Build.0 = Release|Any CPU
		{75FB0B9E-C6EE-42DD-9922-966AC1ABC540}.Release|x86.ActiveCfg = Release|Any CPU
		{75FB0B9E-C6EE-42DD-9922-966AC1ABC540}.Release|x86.Build.0 = Release|Any CPU
		{4EBD72D6-CD82-4E2E-988B-1DD923C6D9F2}.Debug|Any CPU.ActiveCfg = Debug|Any CPU
		{4EBD72D6-CD82-4E2E-988B-1DD923C6D9F2}.Debug|Any CPU.Build.0 = Debug|Any CPU
		{4EBD72D6-CD82-4E2E-988B-1DD923C6D9F2}.Debug|x64.ActiveCfg = Debug|Any CPU
		{4EBD72D6-CD82-4E2E-988B-1DD923C6D9F2}.Debug|x64.Build.0 = Debug|Any CPU
		{4EBD72D6-CD82-4E2E-988B-1DD923C6D9F2}.Debug|x86.ActiveCfg = Debug|Any CPU
		{4EBD72D6-CD82-4E2E-988B-1DD923C6D9F2}.Debug|x86.Build.0 = Debug|Any CPU
		{4EBD72D6-CD82-4E2E-988B-1DD923C6D9F2}.Release|Any CPU.ActiveCfg = Release|Any CPU
		{4EBD72D6-CD82-4E2E-988B-1DD923C6D9F2}.Release|Any CPU.Build.0 = Release|Any CPU
		{4EBD72D6-CD82-4E2E-988B-1DD923C6D9F2}.Release|x64.ActiveCfg = Release|Any CPU
		{4EBD72D6-CD82-4E2E-988B-1DD923C6D9F2}.Release|x64.Build.0 = Release|Any CPU
		{4EBD72D6-CD82-4E2E-988B-1DD923C6D9F2}.Release|x86.ActiveCfg = Release|Any CPU
		{4EBD72D6-CD82-4E2E-988B-1DD923C6D9F2}.Release|x86.Build.0 = Release|Any CPU
		{14F19CA5-8F7A-4F96-BC69-54A5B6E930E9}.Debug|Any CPU.ActiveCfg = Debug|Any CPU
		{14F19CA5-8F7A-4F96-BC69-54A5B6E930E9}.Debug|Any CPU.Build.0 = Debug|Any CPU
		{14F19CA5-8F7A-4F96-BC69-54A5B6E930E9}.Debug|x64.ActiveCfg = Debug|Any CPU
		{14F19CA5-8F7A-4F96-BC69-54A5B6E930E9}.Debug|x64.Build.0 = Debug|Any CPU
		{14F19CA5-8F7A-4F96-BC69-54A5B6E930E9}.Debug|x86.ActiveCfg = Debug|Any CPU
		{14F19CA5-8F7A-4F96-BC69-54A5B6E930E9}.Debug|x86.Build.0 = Debug|Any CPU
		{14F19CA5-8F7A-4F96-BC69-54A5B6E930E9}.Release|Any CPU.ActiveCfg = Release|Any CPU
		{14F19CA5-8F7A-4F96-BC69-54A5B6E930E9}.Release|Any CPU.Build.0 = Release|Any CPU
		{14F19CA5-8F7A-4F96-BC69-54A5B6E930E9}.Release|x64.ActiveCfg = Release|Any CPU
		{14F19CA5-8F7A-4F96-BC69-54A5B6E930E9}.Release|x64.Build.0 = Release|Any CPU
		{14F19CA5-8F7A-4F96-BC69-54A5B6E930E9}.Release|x86.ActiveCfg = Release|Any CPU
		{14F19CA5-8F7A-4F96-BC69-54A5B6E930E9}.Release|x86.Build.0 = Release|Any CPU
	EndGlobalSection
	GlobalSection(SolutionProperties) = preSolution
		HideSolutionNode = FALSE
	EndGlobalSection
	GlobalSection(NestedProjects) = preSolution
		{2F718FB2-6483-4307-B6D6-9C599BA8F5ED} = {D4176A17-D7E5-9C19-FD5F-8803B1692ECF}
		{87DA0EA0-FB37-4CE6-900F-16F3FE843DCB} = {D4176A17-D7E5-9C19-FD5F-8803B1692ECF}
		{AEE92D91-1081-4984-B1A5-C0D842F3102C} = {D4176A17-D7E5-9C19-FD5F-8803B1692ECF}
		{75FB0B9E-C6EE-42DD-9922-966AC1ABC540} = {D4176A17-D7E5-9C19-FD5F-8803B1692ECF}
		{4EBD72D6-CD82-4E2E-988B-1DD923C6D9F2} = {D4176A17-D7E5-9C19-FD5F-8803B1692ECF}
		{14F19CA5-8F7A-4F96-BC69-54A5B6E930E9} = {131C5CCE-C85E-81CF-EB9F-372398CDB723}
	EndGlobalSection
EndGlobal
